
Microsoft Visual Studio Solution File, Format Version 12.00
# Visual Studio Version 16
VisualStudioVersion = 16.0.30804.86
MinimumVisualStudioVersion = 10.0.40219.1
Project("{FAE04EC0-301F-11D3-BF4B-00C04F79EFBC}") = "MaskInfo", "MaskInfo\MaskInfo.csproj", "{4FDBFB5C-E5EF-46BE-8E84-A98DFEA47005}"
EndProject
Global
	GlobalSection(SolutionConfigurationPlatforms) = preSolution
		Debug|Any CPU = Debug|Any CPU
		Release|Any CPU = Release|Any CPU
	EndGlobalSection
	GlobalSection(ProjectConfigurationPlatforms) = postSolution
		{4FDBFB5C-E5EF-46BE-8E84-A98DFEA47005}.Debug|Any CPU.ActiveCfg = Debug|Any CPU
		{4FDBFB5C-E5EF-46BE-8E84-A98DFEA47005}.Debug|Any CPU.Build.0 = Debug|Any CPU
		{4FDBFB5C-E5EF-46BE-8E84-A98DFEA47005}.Release|Any CPU.ActiveCfg = Release|Any CPU
		{4FDBFB5C-E5EF-46BE-8E84-A98DFEA47005}.Release|Any CPU.Build.0 = Release|Any CPU
	EndGlobalSection
	GlobalSection(SolutionProperties) = preSolution
		HideSolutionNode = FALSE
	EndGlobalSection
	GlobalSection(ExtensibilityGlobals) = postSolution
		SolutionGuid = {034397D0-3FDD-40E6-8BA5-8614F98C01EB}
	EndGlobalSection
EndGlobal
